// !$*UTF8*$!
{
	archiveVersion = 1;
	classes = {
	};
	objectVersion = 55;
	objects = {

/* Begin PBXBuildFile section */
		735799DF28A9213E005AC31D /* SportsCollectionViewController.swift in Sources */ = {isa = PBXBuildFile; fileRef = 735799DE28A9213E005AC31D /* SportsCollectionViewController.swift */; };
		735799E128A923CB005AC31D /* Files.swift in Sources */ = {isa = PBXBuildFile; fileRef = 735799E028A923CB005AC31D /* Files.swift */; };
		737AA58628A790F0001E961E /* Start.swift in Sources */ = {isa = PBXBuildFile; fileRef = 737AA58528A790F0001E961E /* Start.swift */; };
		737C77F328ABE52700159AA4 /* PreferedLeaguesTableViewController.swift in Sources */ = {isa = PBXBuildFile; fileRef = 737C77F228ABE52700159AA4 /* PreferedLeaguesTableViewController.swift */; };
		737C77F828ABE6A300159AA4 /* PreferedLeaguesTableViewCell.swift in Sources */ = {isa = PBXBuildFile; fileRef = 737C77F728ABE6A300159AA4 /* PreferedLeaguesTableViewCell.swift */; };
		737C77FE28AC083C00159AA4 /* LeaguesDetailsTableViewController.swift in Sources */ = {isa = PBXBuildFile; fileRef = 737C77FD28AC083C00159AA4 /* LeaguesDetailsTableViewController.swift */; };
		7381A1EF28A93D2000F10161 /* SportsCollectionViewCell.swift in Sources */ = {isa = PBXBuildFile; fileRef = 7381A1EE28A93D2000F10161 /* SportsCollectionViewCell.swift */; };
		7381A1F128A9673800F10161 /* CountriesTableViewController.swift in Sources */ = {isa = PBXBuildFile; fileRef = 7381A1F028A9673800F10161 /* CountriesTableViewController.swift */; };
		7381A1F428A96FBF00F10161 /* CountriesTableViewCell.swift in Sources */ = {isa = PBXBuildFile; fileRef = 7381A1F328A96FBF00F10161 /* CountriesTableViewCell.swift */; };
		73CEDB4928AA7954003BDB6A /* LeaguesTableViewController.swift in Sources */ = {isa = PBXBuildFile; fileRef = 73CEDB4828AA7954003BDB6A /* LeaguesTableViewController.swift */; };
		73CEDB4C28AA968B003BDB6A /* LeaguesTableViewCell.swift in Sources */ = {isa = PBXBuildFile; fileRef = 73CEDB4B28AA968B003BDB6A /* LeaguesTableViewCell.swift */; };
		73CEDB4F28AAA0B8003BDB6A /* TabBarViewController.swift in Sources */ = {isa = PBXBuildFile; fileRef = 73CEDB4E28AAA0B8003BDB6A /* TabBarViewController.swift */; };
		73EA1F0728A645EA0063495D /* AppDelegate.swift in Sources */ = {isa = PBXBuildFile; fileRef = 73EA1F0628A645EA0063495D /* AppDelegate.swift */; };
		73EA1F0928A645EA0063495D /* SceneDelegate.swift in Sources */ = {isa = PBXBuildFile; fileRef = 73EA1F0828A645EA0063495D /* SceneDelegate.swift */; };
		73EA1F0B28A645EA0063495D /* WelcomeViewController.swift in Sources */ = {isa = PBXBuildFile; fileRef = 73EA1F0A28A645EA0063495D /* WelcomeViewController.swift */; };
		73EA1F0E28A645EA0063495D /* Main.storyboard in Resources */ = {isa = PBXBuildFile; fileRef = 73EA1F0C28A645EA0063495D /* Main.storyboard */; };
		73EA1F1028A645EB0063495D /* Assets.xcassets in Resources */ = {isa = PBXBuildFile; fileRef = 73EA1F0F28A645EB0063495D /* Assets.xcassets */; };
		73EA1F1328A645EB0063495D /* LaunchScreen.storyboard in Resources */ = {isa = PBXBuildFile; fileRef = 73EA1F1128A645EB0063495D /* LaunchScreen.storyboard */; };
		73EA1F1D28A648D80063495D /* Request.swift in Sources */ = {isa = PBXBuildFile; fileRef = 73EA1F1C28A648D80063495D /* Request.swift */; };
		73EA1F2028A6490E0063495D /* Enums.swift in Sources */ = {isa = PBXBuildFile; fileRef = 73EA1F1F28A6490E0063495D /* Enums.swift */; };
		73EA1F2328A64A7E0063495D /* Constants.swift in Sources */ = {isa = PBXBuildFile; fileRef = 73EA1F2228A64A7E0063495D /* Constants.swift */; };
		73EA1F2728A64CDF0063495D /* Sports.swift in Sources */ = {isa = PBXBuildFile; fileRef = 73EA1F2628A64CDF0063495D /* Sports.swift */; };
		73EA1F2928A64D010063495D /* Countries.swift in Sources */ = {isa = PBXBuildFile; fileRef = 73EA1F2828A64D010063495D /* Countries.swift */; };
		73EA1F2C28A675280063495D /* Leagues.swift in Sources */ = {isa = PBXBuildFile; fileRef = 73EA1F2B28A675280063495D /* Leagues.swift */; };
		73EA1F2E28A677E80063495D /* Extentions.swift in Sources */ = {isa = PBXBuildFile; fileRef = 73EA1F2D28A677E80063495D /* Extentions.swift */; };
/* End PBXBuildFile section */

/* Begin PBXFileReference section */
		735799DE28A9213E005AC31D /* SportsCollectionViewController.swift */ = {isa = PBXFileReference; lastKnownFileType = sourcecode.swift; path = SportsCollectionViewController.swift; sourceTree = "<group>"; };
		735799E028A923CB005AC31D /* Files.swift */ = {isa = PBXFileReference; lastKnownFileType = sourcecode.swift; path = Files.swift; sourceTree = "<group>"; };
		737AA58528A790F0001E961E /* Start.swift */ = {isa = PBXFileReference; lastKnownFileType = sourcecode.swift; path = Start.swift; sourceTree = "<group>"; };
		737C77F228ABE52700159AA4 /* PreferedLeaguesTableViewController.swift */ = {isa = PBXFileReference; lastKnownFileType = sourcecode.swift; path = PreferedLeaguesTableViewController.swift; sourceTree = "<group>"; };
		737C77F728ABE6A300159AA4 /* PreferedLeaguesTableViewCell.swift */ = {isa = PBXFileReference; lastKnownFileType = sourcecode.swift; path = PreferedLeaguesTableViewCell.swift; sourceTree = "<group>"; };
		737C77FD28AC083C00159AA4 /* LeaguesDetailsTableViewController.swift */ = {isa = PBXFileReference; lastKnownFileType = sourcecode.swift; path = LeaguesDetailsTableViewController.swift; sourceTree = "<group>"; };
		7381A1EE28A93D2000F10161 /* SportsCollectionViewCell.swift */ = {isa = PBXFileReference; lastKnownFileType = sourcecode.swift; path = SportsCollectionViewCell.swift; sourceTree = "<group>"; };
		7381A1F028A9673800F10161 /* CountriesTableViewController.swift */ = {isa = PBXFileReference; lastKnownFileType = sourcecode.swift; path = CountriesTableViewController.swift; sourceTree = "<group>"; };
		7381A1F328A96FBF00F10161 /* CountriesTableViewCell.swift */ = {isa = PBXFileReference; lastKnownFileType = sourcecode.swift; path = CountriesTableViewCell.swift; sourceTree = "<group>"; };
		73CEDB4828AA7954003BDB6A /* LeaguesTableViewController.swift */ = {isa = PBXFileReference; lastKnownFileType = sourcecode.swift; path = LeaguesTableViewController.swift; sourceTree = "<group>"; };
		73CEDB4B28AA968B003BDB6A /* LeaguesTableViewCell.swift */ = {isa = PBXFileReference; lastKnownFileType = sourcecode.swift; path = LeaguesTableViewCell.swift; sourceTree = "<group>"; };
		73CEDB4E28AAA0B8003BDB6A /* TabBarViewController.swift */ = {isa = PBXFileReference; lastKnownFileType = sourcecode.swift; path = TabBarViewController.swift; sourceTree = "<group>"; };
		73EA1F0328A645EA0063495D /* TheSports.app */ = {isa = PBXFileReference; explicitFileType = wrapper.application; includeInIndex = 0; path = TheSports.app; sourceTree = BUILT_PRODUCTS_DIR; };
		73EA1F0628A645EA0063495D /* AppDelegate.swift */ = {isa = PBXFileReference; lastKnownFileType = sourcecode.swift; path = AppDelegate.swift; sourceTree = "<group>"; };
		73EA1F0828A645EA0063495D /* SceneDelegate.swift */ = {isa = PBXFileReference; lastKnownFileType = sourcecode.swift; path = SceneDelegate.swift; sourceTree = "<group>"; };
		73EA1F0A28A645EA0063495D /* WelcomeViewController.swift */ = {isa = PBXFileReference; lastKnownFileType = sourcecode.swift; path = WelcomeViewController.swift; sourceTree = "<group>"; };
		73EA1F0D28A645EA0063495D /* Base */ = {isa = PBXFileReference; lastKnownFileType = file.storyboard; name = Base; path = Base.lproj/Main.storyboard; sourceTree = "<group>"; };
		73EA1F0F28A645EB0063495D /* Assets.xcassets */ = {isa = PBXFileReference; lastKnownFileType = folder.assetcatalog; path = Assets.xcassets; sourceTree = "<group>"; };
		73EA1F1228A645EB0063495D /* Base */ = {isa = PBXFileReference; lastKnownFileType = file.storyboard; name = Base; path = Base.lproj/LaunchScreen.storyboard; sourceTree = "<group>"; };
		73EA1F1428A645EB0063495D /* Info.plist */ = {isa = PBXFileReference; lastKnownFileType = text.plist.xml; path = Info.plist; sourceTree = "<group>"; };
		73EA1F1C28A648D80063495D /* Request.swift */ = {isa = PBXFileReference; lastKnownFileType = sourcecode.swift; path = Request.swift; sourceTree = "<group>"; };
		73EA1F1F28A6490E0063495D /* Enums.swift */ = {isa = PBXFileReference; lastKnownFileType = sourcecode.swift; path = Enums.swift; sourceTree = "<group>"; };
		73EA1F2228A64A7E0063495D /* Constants.swift */ = {isa = PBXFileReference; lastKnownFileType = sourcecode.swift; path = Constants.swift; sourceTree = "<group>"; };
		73EA1F2628A64CDF0063495D /* Sports.swift */ = {isa = PBXFileReference; lastKnownFileType = sourcecode.swift; path = Sports.swift; sourceTree = "<group>"; };
		73EA1F2828A64D010063495D /* Countries.swift */ = {isa = PBXFileReference; lastKnownFileType = sourcecode.swift; path = Countries.swift; sourceTree = "<group>"; };
		73EA1F2B28A675280063495D /* Leagues.swift */ = {isa = PBXFileReference; lastKnownFileType = sourcecode.swift; path = Leagues.swift; sourceTree = "<group>"; };
		73EA1F2D28A677E80063495D /* Extentions.swift */ = {isa = PBXFileReference; lastKnownFileType = sourcecode.swift; path = Extentions.swift; sourceTree = "<group>"; };
/* End PBXFileReference section */

/* Begin PBXFrameworksBuildPhase section */
		73EA1F0028A645EA0063495D /* Frameworks */ = {
			isa = PBXFrameworksBuildPhase;
			buildActionMask = 2147483647;
			files = (
			);
			runOnlyForDeploymentPostprocessing = 0;
		};
/* End PBXFrameworksBuildPhase section */

/* Begin PBXGroup section */
		735799DD28A916AF005AC31D /* Extensions+Enums */ = {
			isa = PBXGroup;
			children = (
				73EA1F1F28A6490E0063495D /* Enums.swift */,
				73EA1F2D28A677E80063495D /* Extentions.swift */,
			);
			path = "Extensions+Enums";
			sourceTree = "<group>";
		};
		737AA58228A790A7001E961E /* StartNavigationView */ = {
			isa = PBXGroup;
			children = (
				737AA58528A790F0001E961E /* Start.swift */,
				7381A1EE28A93D2000F10161 /* SportsCollectionViewCell.swift */,
				7381A1F328A96FBF00F10161 /* CountriesTableViewCell.swift */,
				73CEDB4B28AA968B003BDB6A /* LeaguesTableViewCell.swift */,
			);
			path = StartNavigationView;
			sourceTree = "<group>";
		};
		737C77F428ABE60100159AA4 /* TabBar */ = {
			isa = PBXGroup;
			children = (
				737C77F528ABE65100159AA4 /* PreferedLeagues */,
			);
			path = TabBar;
			sourceTree = "<group>";
		};
		737C77F528ABE65100159AA4 /* PreferedLeagues */ = {
			isa = PBXGroup;
			children = (
				737C77F728ABE6A300159AA4 /* PreferedLeaguesTableViewCell.swift */,
			);
			path = PreferedLeagues;
			sourceTree = "<group>";
		};
		737C77F928AC064E00159AA4 /* PreferedLeagues */ = {
			isa = PBXGroup;
			children = (
				737C77F228ABE52700159AA4 /* PreferedLeaguesTableViewController.swift */,
				737C77FD28AC083C00159AA4 /* LeaguesDetailsTableViewController.swift */,
			);
			path = PreferedLeagues;
			sourceTree = "<group>";
		};
		737C77FA28AC06A200159AA4 /* Request */ = {
			isa = PBXGroup;
			children = (
				73EA1F1C28A648D80063495D /* Request.swift */,
			);
			path = Request;
			sourceTree = "<group>";
		};
		737C77FC28AC06E000159AA4 /* Files */ = {
			isa = PBXGroup;
			children = (
				735799E028A923CB005AC31D /* Files.swift */,
			);
			path = Files;
			sourceTree = "<group>";
		};
		73CEDB4D28AA9E4D003BDB6A /* TabBarController */ = {
			isa = PBXGroup;
			children = (
				73CEDB4E28AAA0B8003BDB6A /* TabBarViewController.swift */,
				737C77F928AC064E00159AA4 /* PreferedLeagues */,
			);
			path = TabBarController;
			sourceTree = "<group>";
		};
		73EA1EFA28A645EA0063495D = {
			isa = PBXGroup;
			children = (
				737C77FA28AC06A200159AA4 /* Request */,
				735799DD28A916AF005AC31D /* Extensions+Enums */,
				73EA1F2128A64A710063495D /* Helpers */,
				73EA1F2428A64CBA0063495D /* Model */,
				73EA1F2528A64CC50063495D /* View */,
				73EA1F1A28A647F90063495D /* Controller */,
				73EA1F0528A645EA0063495D /* TheSports */,
				73EA1F0428A645EA0063495D /* Products */,
			);
			sourceTree = "<group>";
		};
		73EA1F0428A645EA0063495D /* Products */ = {
			isa = PBXGroup;
			children = (
				73EA1F0328A645EA0063495D /* TheSports.app */,
			);
			name = Products;
			sourceTree = "<group>";
		};
		73EA1F0528A645EA0063495D /* TheSports */ = {
			isa = PBXGroup;
			children = (
				73EA1F3028A6A40B0063495D /* AppDeletates */,
				73EA1F0F28A645EB0063495D /* Assets.xcassets */,
				73EA1F1428A645EB0063495D /* Info.plist */,
			);
			path = TheSports;
			sourceTree = "<group>";
		};
		73EA1F1A28A647F90063495D /* Controller */ = {
			isa = PBXGroup;
			children = (
				73EA1F3128A6B4740063495D /* StartNavigationController */,
				73CEDB4D28AA9E4D003BDB6A /* TabBarController */,
			);
			path = Controller;
			sourceTree = "<group>";
		};
		73EA1F2128A64A710063495D /* Helpers */ = {
			isa = PBXGroup;
			children = (
				73EA1F2228A64A7E0063495D /* Constants.swift */,
			);
			path = Helpers;
			sourceTree = "<group>";
		};
		73EA1F2428A64CBA0063495D /* Model */ = {
			isa = PBXGroup;
			children = (
				737C77FC28AC06E000159AA4 /* Files */,
				73EA1F2628A64CDF0063495D /* Sports.swift */,
				73EA1F2828A64D010063495D /* Countries.swift */,
				73EA1F2B28A675280063495D /* Leagues.swift */,
			);
			path = Model;
			sourceTree = "<group>";
		};
		73EA1F2528A64CC50063495D /* View */ = {
			isa = PBXGroup;
			children = (
				737AA58228A790A7001E961E /* StartNavigationView */,
				737C77F428ABE60100159AA4 /* TabBar */,
				73EA1F2A28A65A840063495D /* StoryBoards */,
			);
			path = View;
			sourceTree = "<group>";
		};
		73EA1F2A28A65A840063495D /* StoryBoards */ = {
			isa = PBXGroup;
			children = (
				73EA1F0C28A645EA0063495D /* Main.storyboard */,
				73EA1F1128A645EB0063495D /* LaunchScreen.storyboard */,
			);
			path = StoryBoards;
			sourceTree = "<group>";
		};
		73EA1F3028A6A40B0063495D /* AppDeletates */ = {
			isa = PBXGroup;
			children = (
				73EA1F0628A645EA0063495D /* AppDelegate.swift */,
				73EA1F0828A645EA0063495D /* SceneDelegate.swift */,
			);
			path = AppDeletates;
			sourceTree = "<group>";
		};
		73EA1F3128A6B4740063495D /* StartNavigationController */ = {
			isa = PBXGroup;
			children = (
				73EA1F0A28A645EA0063495D /* WelcomeViewController.swift */,
				735799DE28A9213E005AC31D /* SportsCollectionViewController.swift */,
				7381A1F028A9673800F10161 /* CountriesTableViewController.swift */,
				73CEDB4828AA7954003BDB6A /* LeaguesTableViewController.swift */,
			);
			path = StartNavigationController;
			sourceTree = "<group>";
		};
/* End PBXGroup section */

/* Begin PBXNativeTarget section */
		73EA1F0228A645EA0063495D /* TheSports */ = {
			isa = PBXNativeTarget;
			buildConfigurationList = 73EA1F1728A645EB0063495D /* Build configuration list for PBXNativeTarget "TheSports" */;
			buildPhases = (
				73EA1EFF28A645EA0063495D /* Sources */,
				73EA1F0028A645EA0063495D /* Frameworks */,
				73EA1F0128A645EA0063495D /* Resources */,
			);
			buildRules = (
			);
			dependencies = (
			);
			name = TheSports;
			productName = TheSports;
			productReference = 73EA1F0328A645EA0063495D /* TheSports.app */;
			productType = "com.apple.product-type.application";
		};
/* End PBXNativeTarget section */

/* Begin PBXProject section */
		73EA1EFB28A645EA0063495D /* Project object */ = {
			isa = PBXProject;
			attributes = {
				BuildIndependentTargetsInParallel = 1;
				LastSwiftUpdateCheck = 1340;
				LastUpgradeCheck = 1340;
				TargetAttributes = {
					73EA1F0228A645EA0063495D = {
						CreatedOnToolsVersion = 13.4.1;
					};
				};
			};
			buildConfigurationList = 73EA1EFE28A645EA0063495D /* Build configuration list for PBXProject "TheSports" */;
			compatibilityVersion = "Xcode 13.0";
			developmentRegion = en;
			hasScannedForEncodings = 0;
			knownRegions = (
				en,
				Base,
			);
			mainGroup = 73EA1EFA28A645EA0063495D;
			productRefGroup = 73EA1F0428A645EA0063495D /* Products */;
			projectDirPath = "";
			projectRoot = "";
			targets = (
				73EA1F0228A645EA0063495D /* TheSports */,
			);
		};
/* End PBXProject section */

/* Begin PBXResourcesBuildPhase section */
		73EA1F0128A645EA0063495D /* Resources */ = {
			isa = PBXResourcesBuildPhase;
			buildActionMask = 2147483647;
			files = (
				73EA1F1328A645EB0063495D /* LaunchScreen.storyboard in Resources */,
				73EA1F1028A645EB0063495D /* Assets.xcassets in Resources */,
				73EA1F0E28A645EA0063495D /* Main.storyboard in Resources */,
			);
			runOnlyForDeploymentPostprocessing = 0;
		};
/* End PBXResourcesBuildPhase section */

/* Begin PBXSourcesBuildPhase section */
		73EA1EFF28A645EA0063495D /* Sources */ = {
			isa = PBXSourcesBuildPhase;
			buildActionMask = 2147483647;
			files = (
				73EA1F2728A64CDF0063495D /* Sports.swift in Sources */,
				737C77FE28AC083C00159AA4 /* LeaguesDetailsTableViewController.swift in Sources */,
				735799DF28A9213E005AC31D /* SportsCollectionViewController.swift in Sources */,
				737AA58628A790F0001E961E /* Start.swift in Sources */,
				73EA1F0B28A645EA0063495D /* WelcomeViewController.swift in Sources */,
				73EA1F2E28A677E80063495D /* Extentions.swift in Sources */,
				73EA1F1D28A648D80063495D /* Request.swift in Sources */,
				7381A1F428A96FBF00F10161 /* CountriesTableViewCell.swift in Sources */,
				73EA1F2028A6490E0063495D /* Enums.swift in Sources */,
				73EA1F0728A645EA0063495D /* AppDelegate.swift in Sources */,
				73EA1F0928A645EA0063495D /* SceneDelegate.swift in Sources */,
				73EA1F2C28A675280063495D /* Leagues.swift in Sources */,
				735799E128A923CB005AC31D /* Files.swift in Sources */,
				737C77F828ABE6A300159AA4 /* PreferedLeaguesTableViewCell.swift in Sources */,
				7381A1EF28A93D2000F10161 /* SportsCollectionViewCell.swift in Sources */,
				73CEDB4F28AAA0B8003BDB6A /* TabBarViewController.swift in Sources */,
				73CEDB4928AA7954003BDB6A /* LeaguesTableViewController.swift in Sources */,
				73EA1F2928A64D010063495D /* Countries.swift in Sources */,
				7381A1F128A9673800F10161 /* CountriesTableViewController.swift in Sources */,
				737C77F328ABE52700159AA4 /* PreferedLeaguesTableViewController.swift in Sources */,
				73CEDB4C28AA968B003BDB6A /* LeaguesTableViewCell.swift in Sources */,
				73EA1F2328A64A7E0063495D /* Constants.swift in Sources */,
			);
			runOnlyForDeploymentPostprocessing = 0;
		};
/* End PBXSourcesBuildPhase section */

/* Begin PBXVariantGroup section */
		73EA1F0C28A645EA0063495D /* Main.storyboard */ = {
			isa = PBXVariantGroup;
			children = (
				73EA1F0D28A645EA0063495D /* Base */,
			);
			name = Main.storyboard;
			sourceTree = "<group>";
		};
		73EA1F1128A645EB0063495D /* LaunchScreen.storyboard */ = {
			isa = PBXVariantGroup;
			children = (
				73EA1F1228A645EB0063495D /* Base */,
			);
			name = LaunchScreen.storyboard;
			sourceTree = "<group>";
		};
/* End PBXVariantGroup section */

/* Begin XCBuildConfiguration section */
		73EA1F1528A645EB0063495D /* Debug */ = {
			isa = XCBuildConfiguration;
			buildSettings = {
				ALWAYS_SEARCH_USER_PATHS = NO;
				CLANG_ANALYZER_NONNULL = YES;
				CLANG_ANALYZER_NUMBER_OBJECT_CONVERSION = YES_AGGRESSIVE;
				CLANG_CXX_LANGUAGE_STANDARD = "gnu++17";
				CLANG_ENABLE_MODULES = YES;
				CLANG_ENABLE_OBJC_ARC = YES;
				CLANG_ENABLE_OBJC_WEAK = YES;
				CLANG_WARN_BLOCK_CAPTURE_AUTORELEASING = YES;
				CLANG_WARN_BOOL_CONVERSION = YES;
				CLANG_WARN_COMMA = YES;
				CLANG_WARN_CONSTANT_CONVERSION = YES;
				CLANG_WARN_DEPRECATED_OBJC_IMPLEMENTATIONS = YES;
				CLANG_WARN_DIRECT_OBJC_ISA_USAGE = YES_ERROR;
				CLANG_WARN_DOCUMENTATION_COMMENTS = YES;
				CLANG_WARN_EMPTY_BODY = YES;
				CLANG_WARN_ENUM_CONVERSION = YES;
				CLANG_WARN_INFINITE_RECURSION = YES;
				CLANG_WARN_INT_CONVERSION = YES;
				CLANG_WARN_NON_LITERAL_NULL_CONVERSION = YES;
				CLANG_WARN_OBJC_IMPLICIT_RETAIN_SELF = YES;
				CLANG_WARN_OBJC_LITERAL_CONVERSION = YES;
				CLANG_WARN_OBJC_ROOT_CLASS = YES_ERROR;
				CLANG_WARN_QUOTED_INCLUDE_IN_FRAMEWORK_HEADER = YES;
				CLANG_WARN_RANGE_LOOP_ANALYSIS = YES;
				CLANG_WARN_STRICT_PROTOTYPES = YES;
				CLANG_WARN_SUSPICIOUS_MOVE = YES;
				CLANG_WARN_UNGUARDED_AVAILABILITY = YES_AGGRESSIVE;
				CLANG_WARN_UNREACHABLE_CODE = YES;
				CLANG_WARN__DUPLICATE_METHOD_MATCH = YES;
				COPY_PHASE_STRIP = NO;
				DEBUG_INFORMATION_FORMAT = dwarf;
				ENABLE_STRICT_OBJC_MSGSEND = YES;
				ENABLE_TESTABILITY = YES;
				GCC_C_LANGUAGE_STANDARD = gnu11;
				GCC_DYNAMIC_NO_PIC = NO;
				GCC_NO_COMMON_BLOCKS = YES;
				GCC_OPTIMIZATION_LEVEL = 0;
				GCC_PREPROCESSOR_DEFINITIONS = (
					"DEBUG=1",
					"$(inherited)",
				);
				GCC_WARN_64_TO_32_BIT_CONVERSION = YES;
				GCC_WARN_ABOUT_RETURN_TYPE = YES_ERROR;
				GCC_WARN_UNDECLARED_SELECTOR = YES;
				GCC_WARN_UNINITIALIZED_AUTOS = YES_AGGRESSIVE;
				GCC_WARN_UNUSED_FUNCTION = YES;
				GCC_WARN_UNUSED_VARIABLE = YES;
				IPHONEOS_DEPLOYMENT_TARGET = 15.5;
				MTL_ENABLE_DEBUG_INFO = INCLUDE_SOURCE;
				MTL_FAST_MATH = YES;
				ONLY_ACTIVE_ARCH = YES;
				SDKROOT = iphoneos;
				SWIFT_ACTIVE_COMPILATION_CONDITIONS = DEBUG;
				SWIFT_OPTIMIZATION_LEVEL = "-Onone";
			};
			name = Debug;
		};
		73EA1F1628A645EB0063495D /* Release */ = {
			isa = XCBuildConfiguration;
			buildSettings = {
				ALWAYS_SEARCH_USER_PATHS = NO;
				CLANG_ANALYZER_NONNULL = YES;
				CLANG_ANALYZER_NUMBER_OBJECT_CONVERSION = YES_AGGRESSIVE;
				CLANG_CXX_LANGUAGE_STANDARD = "gnu++17";
				CLANG_ENABLE_MODULES = YES;
				CLANG_ENABLE_OBJC_ARC = YES;
				CLANG_ENABLE_OBJC_WEAK = YES;
				CLANG_WARN_BLOCK_CAPTURE_AUTORELEASING = YES;
				CLANG_WARN_BOOL_CONVERSION = YES;
				CLANG_WARN_COMMA = YES;
				CLANG_WARN_CONSTANT_CONVERSION = YES;
				CLANG_WARN_DEPRECATED_OBJC_IMPLEMENTATIONS = YES;
				CLANG_WARN_DIRECT_OBJC_ISA_USAGE = YES_ERROR;
				CLANG_WARN_DOCUMENTATION_COMMENTS = YES;
				CLANG_WARN_EMPTY_BODY = YES;
				CLANG_WARN_ENUM_CONVERSION = YES;
				CLANG_WARN_INFINITE_RECURSION = YES;
				CLANG_WARN_INT_CONVERSION = YES;
				CLANG_WARN_NON_LITERAL_NULL_CONVERSION = YES;
				CLANG_WARN_OBJC_IMPLICIT_RETAIN_SELF = YES;
				CLANG_WARN_OBJC_LITERAL_CONVERSION = YES;
				CLANG_WARN_OBJC_ROOT_CLASS = YES_ERROR;
				CLANG_WARN_QUOTED_INCLUDE_IN_FRAMEWORK_HEADER = YES;
				CLANG_WARN_RANGE_LOOP_ANALYSIS = YES;
				CLANG_WARN_STRICT_PROTOTYPES = YES;
				CLANG_WARN_SUSPICIOUS_MOVE = YES;
				CLANG_WARN_UNGUARDED_AVAILABILITY = YES_AGGRESSIVE;
				CLANG_WARN_UNREACHABLE_CODE = YES;
				CLANG_WARN__DUPLICATE_METHOD_MATCH = YES;
				COPY_PHASE_STRIP = NO;
				DEBUG_INFORMATION_FORMAT = "dwarf-with-dsym";
				ENABLE_NS_ASSERTIONS = NO;
				ENABLE_STRICT_OBJC_MSGSEND = YES;
				GCC_C_LANGUAGE_STANDARD = gnu11;
				GCC_NO_COMMON_BLOCKS = YES;
				GCC_WARN_64_TO_32_BIT_CONVERSION = YES;
				GCC_WARN_ABOUT_RETURN_TYPE = YES_ERROR;
				GCC_WARN_UNDECLARED_SELECTOR = YES;
				GCC_WARN_UNINITIALIZED_AUTOS = YES_AGGRESSIVE;
				GCC_WARN_UNUSED_FUNCTION = YES;
				GCC_WARN_UNUSED_VARIABLE = YES;
				IPHONEOS_DEPLOYMENT_TARGET = 15.5;
				MTL_ENABLE_DEBUG_INFO = NO;
				MTL_FAST_MATH = YES;
				SDKROOT = iphoneos;
				SWIFT_COMPILATION_MODE = wholemodule;
				SWIFT_OPTIMIZATION_LEVEL = "-O";
				VALIDATE_PRODUCT = YES;
			};
			name = Release;
		};
		73EA1F1828A645EB0063495D /* Debug */ = {
			isa = XCBuildConfiguration;
			buildSettings = {
				ASSETCATALOG_COMPILER_APPICON_NAME = AppIcon;
				ASSETCATALOG_COMPILER_GLOBAL_ACCENT_COLOR_NAME = AccentColor;
				CODE_SIGN_STYLE = Automatic;
				CURRENT_PROJECT_VERSION = 1;
				DEVELOPMENT_TEAM = 4U8DMJ33ZN;
				GENERATE_INFOPLIST_FILE = YES;
				INFOPLIST_FILE = TheSports/Info.plist;
				INFOPLIST_KEY_UIApplicationSupportsIndirectInputEvents = YES;
				INFOPLIST_KEY_UILaunchStoryboardName = LaunchScreen;
				INFOPLIST_KEY_UIMainStoryboardFile = Main;
				INFOPLIST_KEY_UISupportedInterfaceOrientations_iPad = "UIInterfaceOrientationPortrait UIInterfaceOrientationPortraitUpsideDown UIInterfaceOrientationLandscapeLeft UIInterfaceOrientationLandscapeRight";
				INFOPLIST_KEY_UISupportedInterfaceOrientations_iPhone = "UIInterfaceOrientationPortrait UIInterfaceOrientationLandscapeLeft UIInterfaceOrientationLandscapeRight";
				LD_RUNPATH_SEARCH_PATHS = (
					"$(inherited)",
					"@executable_path/Frameworks",
				);
				MARKETING_VERSION = 1.0;
				PRODUCT_BUNDLE_IDENTIFIER = com.yamany.TheSports;
				PRODUCT_NAME = "$(TARGET_NAME)";
				SWIFT_EMIT_LOC_STRINGS = YES;
				SWIFT_VERSION = 5.0;
				TARGETED_DEVICE_FAMILY = "1,2";
			};
			name = Debug;
		};
		73EA1F1928A645EB0063495D /* Release */ = {
			isa = XCBuildConfiguration;
			buildSettings = {
				ASSETCATALOG_COMPILER_APPICON_NAME = AppIcon;
				ASSETCATALOG_COMPILER_GLOBAL_ACCENT_COLOR_NAME = AccentColor;
				CODE_SIGN_STYLE = Automatic;
				CURRENT_PROJECT_VERSION = 1;
				DEVELOPMENT_TEAM = 4U8DMJ33ZN;
				GENERATE_INFOPLIST_FILE = YES;
				INFOPLIST_FILE = TheSports/Info.plist;
				INFOPLIST_KEY_UIApplicationSupportsIndirectInputEvents = YES;
				INFOPLIST_KEY_UILaunchStoryboardName = LaunchScreen;
				INFOPLIST_KEY_UIMainStoryboardFile = Main;
				INFOPLIST_KEY_UISupportedInterfaceOrientations_iPad = "UIInterfaceOrientationPortrait UIInterfaceOrientationPortraitUpsideDown UIInterfaceOrientationLandscapeLeft UIInterfaceOrientationLandscapeRight";
				INFOPLIST_KEY_UISupportedInterfaceOrientations_iPhone = "UIInterfaceOrientationPortrait UIInterfaceOrientationLandscapeLeft UIInterfaceOrientationLandscapeRight";
				LD_RUNPATH_SEARCH_PATHS = (
					"$(inherited)",
					"@executable_path/Frameworks",
				);
				MARKETING_VERSION = 1.0;
				PRODUCT_BUNDLE_IDENTIFIER = com.yamany.TheSports;
				PRODUCT_NAME = "$(TARGET_NAME)";
				SWIFT_EMIT_LOC_STRINGS = YES;
				SWIFT_VERSION = 5.0;
				TARGETED_DEVICE_FAMILY = "1,2";
			};
			name = Release;
		};
/* End XCBuildConfiguration section */

/* Begin XCConfigurationList section */
		73EA1EFE28A645EA0063495D /* Build configuration list for PBXProject "TheSports" */ = {
			isa = XCConfigurationList;
			buildConfigurations = (
				73EA1F1528A645EB0063495D /* Debug */,
				73EA1F1628A645EB0063495D /* Release */,
			);
			defaultConfigurationIsVisible = 0;
			defaultConfigurationName = Release;
		};
		73EA1F1728A645EB0063495D /* Build configuration list for PBXNativeTarget "TheSports" */ = {
			isa = XCConfigurationList;
			buildConfigurations = (
				73EA1F1828A645EB0063495D /* Debug */,
				73EA1F1928A645EB0063495D /* Release */,
			);
			defaultConfigurationIsVisible = 0;
			defaultConfigurationName = Release;
		};
/* End XCConfigurationList section */
	};
	rootObject = 73EA1EFB28A645EA0063495D /* Project object */;
}
